{
    "_readme": [
        "This file locks the dependencies of your project to a known state",
        "Read more about it at https://getcomposer.org/doc/01-basic-usage.md#installing-dependencies",
        "This file is @generated automatically"
    ],
    "content-hash": "019d68fd678ecb00f606037a33859382",
    "packages": [
        {
            "name": "itbdw/ip-database",
            "version": "3.0.2",
            "source": {
                "type": "git",
                "url": "https://github.com/itbdw/ip-database.git",
                "reference": "17c1584ab4b47c215db178d8c2304d76ba4c431e"
            },
            "dist": {
                "type": "zip",
                "url": "https://api.github.com/repos/itbdw/ip-database/zipball/17c1584ab4b47c215db178d8c2304d76ba4c431e",
                "reference": "17c1584ab4b47c215db178d8c2304d76ba4c431e",
                "shasum": ""
            },
            "require": {
                "ext-iconv": "*",
                "ext-json": "*",
                "ext-mbstring": "*",
                "php": "*"
            },
            "type": "library",
            "autoload": {
                "psr-4": {
                    "itbdw\\Ip\\": "src/"
                }
            },
            "notification-url": "https://packagist.org/downloads/",
            "license": [
                "MIT"
            ],
            "authors": [
                {
                    "name": "马秉尧"
                },
                {
                    "name": "itbdw",
                    "email": "itbudaoweng@gmail.com",
                    "homepage": "http://github.com/itbdw",
                    "role": "Developer"
                }
            ],
            "description": "IP数据库 IPV4 IPV6（解析为国家、省、市、县、运营商）",
            "keywords": [
                "China",
                "Chinese",
                "IP",
                "IP数据库",
                "database",
                "location",
                "数据库"
            ],
            "support": {
                "issues": "https://github.com/itbdw/ip-database/issues",
                "source": "https://github.com/itbdw/ip-database/tree/3.0.2"
            },
            "time": "2023-12-01T10:01:44+00:00"
        }
    ],
    "packages-dev": [],
    "aliases": [],
    "minimum-stability": "stable",
    "stability-flags": [],
    "prefer-stable": false,
    "prefer-lowest": false,
    "platform": [],
    "platform-dev": [],
    "plugin-api-version": "2.6.0"
}
